
Microsoft Visual Studio Solution File, Format Version 12.00
# Visual Studio Version 17
VisualStudioVersion = 17.6.33829.357
MinimumVisualStudioVersion = 10.0.40219.1
Project("{FAE04EC0-301F-11D3-BF4B-00C04F79EFBC}") = "PersonApp", "PersonApp.csproj", "{DEAEE0D5-8EB2-4479-9F68-5B8C155EB670}"
EndProject
Global
	GlobalSection(SolutionConfigurationPlatforms) = preSolution
		Debug|Any CPU = Debug|Any CPU
		Release|Any CPU = Release|Any CPU
	EndGlobalSection
	GlobalSection(ProjectConfigurationPlatforms) = postSolution
		{DEAEE0D5-8EB2-4479-9F68-5B8C155EB670}.Debug|Any CPU.ActiveCfg = Debug|Any CPU
		{DEAEE0D5-8EB2-4479-9F68-5B8C155EB670}.Debug|Any CPU.Build.0 = Debug|Any CPU
		{DEAEE0D5-8EB2-4479-9F68-5B8C155EB670}.Release|Any CPU.ActiveCfg = Release|Any CPU
		{DEAEE0D5-8EB2-4479-9F68-5B8C155EB670}.Release|Any CPU.Build.0 = Release|Any CPU
	EndGlobalSection
	GlobalSection(SolutionProperties) = preSolution
		HideSolutionNode = FALSE
	EndGlobalSection
	GlobalSection(ExtensibilityGlobals) = postSolution
		SolutionGuid = {F2E99720-65FA-4D40-B86B-5CF1AE58DDDD}
	EndGlobalSection
EndGlobal
